# generated by rye
# use `rye lock` or `rye sync` to update this lockfile
#
# last locked with the following flags:
#   pre: false
#   features: []
#   all-features: false
#   with-sources: false
#   generate-hashes: false
#   universal: false

-e file:.
aiofiles==23.2.1
    # via gradio
aiohappyeyeballs==2.4.6
    # via aiohttp
aiohttp==3.11.12
    # via datasets
    # via fsspec
    # via litellm
aiosignal==1.3.2
    # via aiohttp
alembic==1.14.1
    # via optuna
annotated-types==0.7.0
    # via pydantic
anyio==4.8.0
    # via asyncer
    # via dspy
    # via gradio
    # via httpx
    # via openai
    # via starlette
apscheduler==3.11.0
    # via litellm
asyncer==0.0.8
    # via dspy
attrs==25.1.0
    # via aiohttp
    # via jsonschema
    # via referencing
backoff==2.2.1
    # via dspy
    # via litellm
blis==1.2.0
    # via thinc
cachetools==5.5.1
    # via dspy
catalogue==2.0.10
    # via spacy
    # via srsly
    # via thinc
certifi==2025.1.31
    # via httpcore
    # via httpx
    # via requests
cffi==1.17.1
    # via cryptography
    # via pynacl
charset-normalizer==3.4.1
    # via requests
click==8.1.8
    # via litellm
    # via rq
    # via typer
    # via uvicorn
cloudpathlib==0.20.0
    # via weasel
cloudpickle==3.1.1
    # via dspy
colorlog==6.9.0
    # via optuna
confection==0.1.5
    # via thinc
    # via weasel
cryptography==43.0.3
    # via litellm
cymem==2.0.11
    # via preshed
    # via spacy
    # via thinc
datasets==2.14.4
    # via dspy
decorator==5.1.1
    # via moviepy
dill==0.3.7
    # via datasets
    # via multiprocess
diskcache==5.6.3
    # via dspy
distro==1.9.0
    # via openai
dnspython==2.7.0
    # via email-validator
dspy==2.6.3
    # via sub-ed
email-validator==2.2.0
    # via pydantic
fastapi==0.115.8
    # via fastapi-sso
    # via gradio
    # via litellm
fastapi-sso==0.16.0
    # via litellm
ffmpy==0.5.0
    # via gradio
filelock==3.17.0
    # via huggingface-hub
    # via torch
frozenlist==1.5.0
    # via aiohttp
    # via aiosignal
fsspec==2025.2.0
    # via datasets
    # via gradio-client
    # via huggingface-hub
    # via torch
gradio==5.16.1
    # via sub-ed
gradio-client==1.7.0
    # via gradio
greenlet==3.1.1
    # via sqlalchemy
gunicorn==22.0.0
    # via litellm
h11==0.14.0
    # via httpcore
    # via uvicorn
httpcore==1.0.7
    # via httpx
httpx==0.28.1
    # via dspy
    # via fastapi-sso
    # via gradio
    # via gradio-client
    # via litellm
    # via openai
    # via safehttpx
huggingface-hub==0.28.1
    # via datasets
    # via gradio
    # via gradio-client
    # via tokenizers
idna==3.10
    # via anyio
    # via email-validator
    # via httpx
    # via requests
    # via yarl
imageio==2.37.0
    # via moviepy
imageio-ffmpeg==0.6.0
    # via moviepy
importlib-metadata==8.6.1
    # via litellm
jinja2==3.1.5
    # via dspy
    # via gradio
    # via litellm
    # via spacy
    # via torch
jiter==0.8.2
    # via openai
joblib==1.4.2
    # via dspy
json-repair==0.39.0
    # via dspy
jsonschema==4.23.0
    # via litellm
jsonschema-specifications==2024.10.1
    # via jsonschema
langcodes==3.5.0
    # via spacy
language-data==1.3.0
    # via langcodes
litellm==1.61.8
    # via dspy
llvmlite==0.36.0
    # via numba
magicattr==0.1.6
    # via dspy
mako==1.3.9
    # via alembic
marisa-trie==1.2.1
    # via language-data
markdown-it-py==3.0.0
    # via rich
markupsafe==2.1.5
    # via gradio
    # via jinja2
    # via mako
mdurl==0.1.2
    # via markdown-it-py
more-itertools==10.6.0
    # via openai-whisper
moviepy==2.1.2
    # via sub-ed
mpmath==1.3.0
    # via sympy
multidict==6.1.0
    # via aiohttp
    # via yarl
multiprocess==0.70.15
    # via datasets
murmurhash==1.0.12
    # via preshed
    # via spacy
    # via thinc
networkx==3.4.2
    # via torch
numba==0.53.1
    # via openai-whisper
numpy==2.2.3
    # via blis
    # via datasets
    # via gradio
    # via imageio
    # via moviepy
    # via numba
    # via openai-whisper
    # via optuna
    # via pandas
    # via spacy
    # via thinc
nvidia-cublas-cu12==12.4.5.8
    # via nvidia-cudnn-cu12
    # via nvidia-cusolver-cu12
    # via torch
nvidia-cuda-cupti-cu12==12.4.127
    # via torch
nvidia-cuda-nvrtc-cu12==12.4.127
    # via torch
nvidia-cuda-runtime-cu12==12.4.127
    # via torch
nvidia-cudnn-cu12==9.1.0.70
    # via torch
nvidia-cufft-cu12==11.2.1.3
    # via torch
nvidia-curand-cu12==10.3.5.147
    # via torch
nvidia-cusolver-cu12==11.6.1.9
    # via torch
nvidia-cusparse-cu12==12.3.1.170
    # via nvidia-cusolver-cu12
    # via torch
nvidia-cusparselt-cu12==0.6.2
    # via torch
nvidia-nccl-cu12==2.21.5
    # via torch
nvidia-nvjitlink-cu12==12.4.127
    # via nvidia-cusolver-cu12
    # via nvidia-cusparse-cu12
    # via torch
nvidia-nvtx-cu12==12.4.127
    # via torch
oauthlib==3.2.2
    # via fastapi-sso
openai==1.63.2
    # via dspy
    # via litellm
openai-whisper==20240930
    # via sub-ed
optuna==4.2.1
    # via dspy
orjson==3.10.15
    # via gradio
    # via litellm
packaging==24.2
    # via datasets
    # via gradio
    # via gradio-client
    # via gunicorn
    # via huggingface-hub
    # via optuna
    # via spacy
    # via thinc
    # via weasel
pandas==2.2.3
    # via datasets
    # via dspy
    # via gradio
    # via sub-ed
pillow==10.4.0
    # via gradio
    # via imageio
    # via moviepy
pip==25.0.1
    # via sub-ed
preshed==3.0.9
    # via spacy
    # via thinc
proglog==0.1.10
    # via moviepy
propcache==0.2.1
    # via aiohttp
    # via yarl
pyarrow==19.0.0
    # via datasets
pycparser==2.22
    # via cffi
pydantic==2.10.6
    # via confection
    # via dspy
    # via fastapi
    # via fastapi-sso
    # via gradio
    # via litellm
    # via openai
    # via spacy
    # via thinc
    # via weasel
pydantic-core==2.27.2
    # via pydantic
pydub==0.25.1
    # via gradio
    # via sub-ed
pygments==2.19.1
    # via rich
pyjwt==2.10.1
    # via litellm
pynacl==1.5.0
    # via litellm
python-dateutil==2.9.0.post0
    # via pandas
python-dotenv==1.0.1
    # via litellm
    # via moviepy
python-multipart==0.0.18
    # via gradio
    # via litellm
pytz==2025.1
    # via pandas
pyyaml==6.0.2
    # via datasets
    # via gradio
    # via huggingface-hub
    # via litellm
    # via optuna
redis==5.2.1
    # via rq
referencing==0.36.2
    # via jsonschema
    # via jsonschema-specifications
regex==2024.11.6
    # via dspy
    # via tiktoken
requests==2.32.3
    # via datasets
    # via dspy
    # via huggingface-hub
    # via spacy
    # via tiktoken
    # via weasel
rich==13.9.4
    # via typer
rpds-py==0.22.3
    # via jsonschema
    # via referencing
rq==2.1.0
    # via litellm
ruff==0.9.6
    # via gradio
safehttpx==0.1.6
    # via gradio
semantic-version==2.10.0
    # via gradio
setuptools==75.8.0
    # via marisa-trie
    # via numba
    # via spacy
    # via thinc
    # via torch
shellingham==1.5.4
    # via typer
six==1.17.0
    # via python-dateutil
smart-open==7.1.0
    # via weasel
sniffio==1.3.1
    # via anyio
    # via openai
spacy==3.8.4
    # via sub-ed
spacy-legacy==3.0.12
    # via spacy
spacy-loggers==1.0.5
    # via spacy
sqlalchemy==2.0.38
    # via alembic
    # via optuna
srsly==2.5.1
    # via confection
    # via spacy
    # via thinc
    # via weasel
starlette==0.45.3
    # via fastapi
    # via gradio
sympy==1.13.1
    # via torch
tenacity==9.0.0
    # via dspy
thinc==8.3.4
    # via spacy
tiktoken==0.9.0
    # via litellm
    # via openai-whisper
tokenizers==0.21.0
    # via litellm
tomlkit==0.13.2
    # via gradio
torch==2.6.0
    # via openai-whisper
tqdm==4.67.1
    # via datasets
    # via dspy
    # via huggingface-hub
    # via openai
    # via openai-whisper
    # via optuna
    # via proglog
    # via spacy
triton==3.2.0
    # via openai-whisper
    # via torch
typer==0.15.1
    # via gradio
    # via spacy
    # via weasel
typing-extensions==4.12.2
    # via alembic
    # via anyio
    # via fastapi
    # via gradio
    # via gradio-client
    # via huggingface-hub
    # via openai
    # via pydantic
    # via pydantic-core
    # via referencing
    # via sqlalchemy
    # via torch
    # via typer
tzdata==2025.1
    # via pandas
tzlocal==5.3
    # via apscheduler
ujson==5.10.0
    # via dspy
urllib3==2.3.0
    # via requests
uvicorn==0.29.0
    # via gradio
    # via litellm
uvloop==0.21.0
    # via litellm
wasabi==1.1.3
    # via spacy
    # via thinc
    # via weasel
weasel==0.4.1
    # via spacy
websockets==14.2
    # via gradio-client
wrapt==1.17.2
    # via smart-open
xxhash==3.5.0
    # via datasets
yarl==1.18.3
    # via aiohttp
zipp==3.21.0
    # via importlib-metadata
